
Microsoft Visual Studio Solution File, Format Version 12.00
# Visual Studio Version 16
VisualStudioVersion = 16.0.30621.155
MinimumVisualStudioVersion = 10.0.40219.1
Project("{FAE04EC0-301F-11D3-BF4B-00C04F79EFBC}") = "eShopSolution.WepApp", "eShopSolution.WepApp\eShopSolution.WepApp.csproj", "{D02E0A98-02F3-4CE3-87F0-C6E49056F6C6}"
EndProject
Project("{2150E333-8FDC-42A3-9474-1A3956D46DE8}") = "Solution Items", "Solution Items", "{616F17CE-436A-4AE0-8F20-DA7D2016E005}"
	ProjectSection(SolutionItems) = preProject
		README.md = README.md
	EndProjectSection
EndProject
Project("{FAE04EC0-301F-11D3-BF4B-00C04F79EFBC}") = "eShopSolution.Data", "eShopSolution.Data\eShopSolution.Data.csproj", "{2EDFDCC0-C9C6-4000-AB60-DC9FE13AD6C4}"
EndProject
Project("{FAE04EC0-301F-11D3-BF4B-00C04F79EFBC}") = "eShopSolution.Application", "eShopSolution.Application\eShopSolution.Application.csproj", "{CBDFBA2D-7869-4155-A96B-DD31022B476C}"
EndProject
Global
	GlobalSection(SolutionConfigurationPlatforms) = preSolution
		Debug|Any CPU = Debug|Any CPU
		Release|Any CPU = Release|Any CPU
	EndGlobalSection
	GlobalSection(ProjectConfigurationPlatforms) = postSolution
		{D02E0A98-02F3-4CE3-87F0-C6E49056F6C6}.Debug|Any CPU.ActiveCfg = Debug|Any CPU
		{D02E0A98-02F3-4CE3-87F0-C6E49056F6C6}.Debug|Any CPU.Build.0 = Debug|Any CPU
		{D02E0A98-02F3-4CE3-87F0-C6E49056F6C6}.Release|Any CPU.ActiveCfg = Release|Any CPU
		{D02E0A98-02F3-4CE3-87F0-C6E49056F6C6}.Release|Any CPU.Build.0 = Release|Any CPU
		{2EDFDCC0-C9C6-4000-AB60-DC9FE13AD6C4}.Debug|Any CPU.ActiveCfg = Debug|Any CPU
		{2EDFDCC0-C9C6-4000-AB60-DC9FE13AD6C4}.Debug|Any CPU.Build.0 = Debug|Any CPU
		{2EDFDCC0-C9C6-4000-AB60-DC9FE13AD6C4}.Release|Any CPU.ActiveCfg = Release|Any CPU
		{2EDFDCC0-C9C6-4000-AB60-DC9FE13AD6C4}.Release|Any CPU.Build.0 = Release|Any CPU
		{CBDFBA2D-7869-4155-A96B-DD31022B476C}.Debug|Any CPU.ActiveCfg = Debug|Any CPU
		{CBDFBA2D-7869-4155-A96B-DD31022B476C}.Debug|Any CPU.Build.0 = Debug|Any CPU
		{CBDFBA2D-7869-4155-A96B-DD31022B476C}.Release|Any CPU.ActiveCfg = Release|Any CPU
		{CBDFBA2D-7869-4155-A96B-DD31022B476C}.Release|Any CPU.Build.0 = Release|Any CPU
	EndGlobalSection
	GlobalSection(SolutionProperties) = preSolution
		HideSolutionNode = FALSE
	EndGlobalSection
	GlobalSection(ExtensibilityGlobals) = postSolution
		SolutionGuid = {C273C957-A9BB-4104-9CC6-AC4AB3B722ED}
	EndGlobalSection
EndGlobal
